
Microsoft Visual Studio Solution File, Format Version 12.00
# Visual Studio Version 16
VisualStudioVersion = 16.0.29709.97
MinimumVisualStudioVersion = 10.0.40219.1
Project("{FAE04EC0-301F-11D3-BF4B-00C04F79EFBC}") = "WebSite", "WebSite\WebSite.csproj", "{F000FB42-36A7-491E-BC05-5A2434CF079E}"
EndProject
Project("{FAE04EC0-301F-11D3-BF4B-00C04F79EFBC}") = "Model", "Model\Model.csproj", "{C157FEDA-4853-4C34-9D42-7DC31EA66B82}"
EndProject
Project("{FAE04EC0-301F-11D3-BF4B-00C04F79EFBC}") = "WebAPI", "WebAPI\WebAPI.csproj", "{F28E67EE-A2CF-4501-9443-3EEC639EC6B6}"
EndProject
Global
	GlobalSection(SolutionConfigurationPlatforms) = preSolution
		Debug|Any CPU = Debug|Any CPU
		Release|Any CPU = Release|Any CPU
	EndGlobalSection
	GlobalSection(ProjectConfigurationPlatforms) = postSolution
		{F000FB42-36A7-491E-BC05-5A2434CF079E}.Debug|Any CPU.ActiveCfg = Debug|Any CPU
		{F000FB42-36A7-491E-BC05-5A2434CF079E}.Debug|Any CPU.Build.0 = Debug|Any CPU
		{F000FB42-36A7-491E-BC05-5A2434CF079E}.Release|Any CPU.ActiveCfg = Release|Any CPU
		{F000FB42-36A7-491E-BC05-5A2434CF079E}.Release|Any CPU.Build.0 = Release|Any CPU
		{C157FEDA-4853-4C34-9D42-7DC31EA66B82}.Debug|Any CPU.ActiveCfg = Debug|Any CPU
		{C157FEDA-4853-4C34-9D42-7DC31EA66B82}.Debug|Any CPU.Build.0 = Debug|Any CPU
		{C157FEDA-4853-4C34-9D42-7DC31EA66B82}.Release|Any CPU.ActiveCfg = Release|Any CPU
		{C157FEDA-4853-4C34-9D42-7DC31EA66B82}.Release|Any CPU.Build.0 = Release|Any CPU
		{F28E67EE-A2CF-4501-9443-3EEC639EC6B6}.Debug|Any CPU.ActiveCfg = Debug|Any CPU
		{F28E67EE-A2CF-4501-9443-3EEC639EC6B6}.Debug|Any CPU.Build.0 = Debug|Any CPU
		{F28E67EE-A2CF-4501-9443-3EEC639EC6B6}.Release|Any CPU.ActiveCfg = Release|Any CPU
		{F28E67EE-A2CF-4501-9443-3EEC639EC6B6}.Release|Any CPU.Build.0 = Release|Any CPU
	EndGlobalSection
	GlobalSection(SolutionProperties) = preSolution
		HideSolutionNode = FALSE
	EndGlobalSection
	GlobalSection(ExtensibilityGlobals) = postSolution
		SolutionGuid = {A491C46C-8392-4FBD-A26E-0B0C8A8E4F43}
	EndGlobalSection
EndGlobal
